github.com/dave/dst v0.27.3 h1:P1HPoMza3cMEquVf9kKy8yXsFirry4zEnWOdYPOoIzY=
github.com/dave/dst v0.27.3/go.mod h1:jHh6EOibnHgcUW3WjKHisiooEkYwqpHLBSX1iOBhEyc=
github.com/tylergannon/polytype v1.0.0-rc.9 h1:H6nn/fvtGSizgWLtK73GsqLOsImg49cC0BRjexvI8Ac=
github.com/tylergannon/polytype v1.0.0-rc.9/go.mod h1:HjvaoQ55ionY6k/kb3WFIicPpO15zBBZwxX3n/+Yksg=
github.com/tylergannon/structtag v0.1.0 h1:Vn4ZEemGUtAfw9ddEtHQILKnIWqSWCSpciFTNPh1gcY=
github.com/tylergannon/structtag v0.1.0/go.mod h1:Rjgg4hJfebaKNeyqoLh4n+zKhfVBdMyc7nBHIlQsVw0=
golang.org/x/mod v0.40.0 h1:hUv+3cXcdRHz08UmSiOob7sadHig73uo5bkXxQ/tvUs=
golang.org/x/mod v0.40.0/go.mod h1:0/weTWkPWGBikyTWAX3dkjVztMmBA5hM0DH6BElSupE=
golang.org/x/sync v0.22.0 h1:SZjpbeLmrCk4xhRSZFNZW5gFUeCeFgjekvI/+gfScek=
golang.org/x/sync v0.22.0/go.mod h1:9xrNwdLfx4jkKbNva9FpL6vEN7evnE43NNNJQ2LF3+0=
golang.org/x/tools v0.49.0 h1:3NI7VXzL9+1WZD52Dx2ttoPwD5DWrFGpl9mFZDlmisI=
golang.org/x/tools v0.49.0/go.mod h1:SJNXV9DBKT0UbdttsQjbfJlAE/q+y36++zo3uL3N0Oo=
