# @generated - this file is auto-generated by `mise lock` https://mise.jdx.dev/dev-tools/mise-lock.html

lockfile_version = 3

[[tools."aqua:yonaskolb/XcodeGen"]]
version = "2.46.0"
backend = "aqua:yonaskolb/XcodeGen"
specifiers = ["2.46.0"]

[tools."aqua:yonaskolb/XcodeGen"."platforms.macos-arm64"]
checksum = "sha256:4d9e34b62172d645eed6457cac13fc222569974098ef4ee9c3368bedf0196806"
url = "https://github.com/yonaskolb/XcodeGen/releases/download/2.46.0/xcodegen.zip"
url_api = "https://api.github.com/repos/yonaskolb/XcodeGen/releases/assets/478866069"

[tools."aqua:yonaskolb/XcodeGen"."platforms.macos-x64"]
checksum = "sha256:4d9e34b62172d645eed6457cac13fc222569974098ef4ee9c3368bedf0196806"
url = "https://github.com/yonaskolb/XcodeGen/releases/download/2.46.0/xcodegen.zip"
url_api = "https://api.github.com/repos/yonaskolb/XcodeGen/releases/assets/478866069"

[[tools.zig]]
version = "0.17.0"
backend = "core:zig"
specifiers = ["0.17.0"]

[tools.zig."platforms.linux-arm64"]
checksum = "sha256:9e8d11661d4ae3bd57702a3832781e23ad151dde5798e16a5ccd503f65234ff8"
url = "https://ziglang.org/download/0.17.0/zig-aarch64-linux-0.17.0.tar.xz"

[tools.zig."platforms.linux-arm64-musl"]
checksum = "sha256:9e8d11661d4ae3bd57702a3832781e23ad151dde5798e16a5ccd503f65234ff8"
url = "https://ziglang.org/download/0.17.0/zig-aarch64-linux-0.17.0.tar.xz"

[tools.zig."platforms.linux-x64"]
checksum = "sha256:1cbe9df9f27e6b78d14ccbca43b6703a404ef79ef1c463de901d7f088d4e2026"
url = "https://ziglang.org/download/0.17.0/zig-x86_64-linux-0.17.0.tar.xz"

[tools.zig."platforms.linux-x64-musl"]
checksum = "sha256:1cbe9df9f27e6b78d14ccbca43b6703a404ef79ef1c463de901d7f088d4e2026"
url = "https://ziglang.org/download/0.17.0/zig-x86_64-linux-0.17.0.tar.xz"

[tools.zig."platforms.macos-arm64"]
checksum = "sha256:b607e9b9234790a008116ae5bdb71c6243b84b9fb42a53a9e70fde41c06c536a"
url = "https://ziglang.org/download/0.17.0/zig-aarch64-macos-0.17.0.tar.xz"

[tools.zig."platforms.macos-x64"]
checksum = "sha256:4f9a1c5269aa17ebda5e6d3c2b89d6cbf36f7d2b22a0306e9ab98f25f95529c6"
url = "https://ziglang.org/download/0.17.0/zig-x86_64-macos-0.17.0.tar.xz"

[tools.zig."platforms.windows-x64"]
checksum = "sha256:b5663f69581dcf391293fbf16c06cb80d81d806545ce618b4d0bab7f0eb8c428"
url = "https://ziglang.org/download/0.17.0/zig-x86_64-windows-0.17.0.zip"
